
Microsoft Visual Studio Solution File, Format Version 12.00
# Visual Studio Version 16
VisualStudioVersion = 16.0.31112.23
MinimumVisualStudioVersion = 10.0.40219.1
Project("{FAE04EC0-301F-11D3-BF4B-00C04F79EFBC}") = "TestProject1", "TestProject1.csproj", "{BBFA1742-A390-4650-96FE-C78BA880D284}"
EndProject
Global
	GlobalSection(SolutionConfigurationPlatforms) = preSolution
		Debug|Any CPU = Debug|Any CPU
		Release|Any CPU = Release|Any CPU
	EndGlobalSection
	GlobalSection(ProjectConfigurationPlatforms) = postSolution
		{BBFA1742-A390-4650-96FE-C78BA880D284}.Debug|Any CPU.ActiveCfg = Debug|Any CPU
		{BBFA1742-A390-4650-96FE-C78BA880D284}.Debug|Any CPU.Build.0 = Debug|Any CPU
		{BBFA1742-A390-4650-96FE-C78BA880D284}.Release|Any CPU.ActiveCfg = Release|Any CPU
		{BBFA1742-A390-4650-96FE-C78BA880D284}.Release|Any CPU.Build.0 = Release|Any CPU
	EndGlobalSection
	GlobalSection(SolutionProperties) = preSolution
		HideSolutionNode = FALSE
	EndGlobalSection
	GlobalSection(ExtensibilityGlobals) = postSolution
		SolutionGuid = {A346017D-F174-43C2-A697-E2D6DF885E40}
	EndGlobalSection
EndGlobal
